// !$*UTF8*$!
{
	archiveVersion = 1;
	classes = {
	};
	objectVersion = 51;
	objects = {

/* Begin PBXBuildFile section */
		3700A03F23BE991E003C3812 /* StockQuote.swift in Sources */ = {isa = PBXBuildFile; fileRef = 3700A03E23BE991E003C3812 /* StockQuote.swift */; };
		37027DB523B1725C00595B44 /* StocksApi.swift in Sources */ = {isa = PBXBuildFile; fileRef = 37027DB423B1725C00595B44 /* StocksApi.swift */; };
		37027DB723B1727F00595B44 /* CompanyDescriptor.swift in Sources */ = {isa = PBXBuildFile; fileRef = 37027DB623B1727F00595B44 /* CompanyDescriptor.swift */; };
		37027DBB23B1750900595B44 /* AlphaVantageApi.swift in Sources */ = {isa = PBXBuildFile; fileRef = 37027DBA23B1750900595B44 /* AlphaVantageApi.swift */; };
		370BE58E23B0CEA400666680 /* AppDelegate.swift in Sources */ = {isa = PBXBuildFile; fileRef = 370BE58D23B0CEA400666680 /* AppDelegate.swift */; };
		370BE59023B0CEA400666680 /* SceneDelegate.swift in Sources */ = {isa = PBXBuildFile; fileRef = 370BE58F23B0CEA400666680 /* SceneDelegate.swift */; };
		370BE59223B0CEA400666680 /* MasterViewController.swift in Sources */ = {isa = PBXBuildFile; fileRef = 370BE59123B0CEA400666680 /* MasterViewController.swift */; };
		370BE59423B0CEA400666680 /* DetailViewController.swift in Sources */ = {isa = PBXBuildFile; fileRef = 370BE59323B0CEA400666680 /* DetailViewController.swift */; };
		370BE59723B0CEA400666680 /* Main.storyboard in Resources */ = {isa = PBXBuildFile; fileRef = 370BE59523B0CEA400666680 /* Main.storyboard */; };
		370BE59923B0CEA500666680 /* Assets.xcassets in Resources */ = {isa = PBXBuildFile; fileRef = 370BE59823B0CEA500666680 /* Assets.xcassets */; };
		370BE59C23B0CEA500666680 /* LaunchScreen.storyboard in Resources */ = {isa = PBXBuildFile; fileRef = 370BE59A23B0CEA500666680 /* LaunchScreen.storyboard */; };
		370BE5A723B0CEA600666680 /* lab1Tests.swift in Sources */ = {isa = PBXBuildFile; fileRef = 370BE5A623B0CEA600666680 /* lab1Tests.swift */; };
		370BE5B423B0D34600666680 /* AddViewController.swift in Sources */ = {isa = PBXBuildFile; fileRef = 370BE5B323B0D34600666680 /* AddViewController.swift */; };
		37FA571623BB86BC00D4D053 /* avapi.txt in Resources */ = {isa = PBXBuildFile; fileRef = 37FA571523BB86BC00D4D053 /* avapi.txt */; };
		5C11779DCF00F6C7C62087C1 /* Pods_lab1.framework in Frameworks */ = {isa = PBXBuildFile; fileRef = 66BA74FD9C62A1E082BA3213 /* Pods_lab1.framework */; };
		D81DEB259125B5D580CC6CDA /* Pods_lab1Tests.framework in Frameworks */ = {isa = PBXBuildFile; fileRef = 3208CA3B28C65DBE9BF576FF /* Pods_lab1Tests.framework */; };
/* End PBXBuildFile section */

/* Begin PBXContainerItemProxy section */
		370BE5A323B0CEA600666680 /* PBXContainerItemProxy */ = {
			isa = PBXContainerItemProxy;
			containerPortal = 370BE58223B0CEA400666680 /* Project object */;
			proxyType = 1;
			remoteGlobalIDString = 370BE58923B0CEA400666680;
			remoteInfo = lab1;
		};
/* End PBXContainerItemProxy section */

/* Begin PBXFileReference section */
		0A4B23CF3BF03C914B49499C /* Pods-lab1Tests.release.xcconfig */ = {isa = PBXFileReference; includeInIndex = 1; lastKnownFileType = text.xcconfig; name = "Pods-lab1Tests.release.xcconfig"; path = "Target Support Files/Pods-lab1Tests/Pods-lab1Tests.release.xcconfig"; sourceTree = "<group>"; };
		3208CA3B28C65DBE9BF576FF /* Pods_lab1Tests.framework */ = {isa = PBXFileReference; explicitFileType = wrapper.framework; includeInIndex = 0; path = Pods_lab1Tests.framework; sourceTree = BUILT_PRODUCTS_DIR; };
		3700A03E23BE991E003C3812 /* StockQuote.swift */ = {isa = PBXFileReference; lastKnownFileType = sourcecode.swift; path = StockQuote.swift; sourceTree = "<group>"; };
		37027DB423B1725C00595B44 /* StocksApi.swift */ = {isa = PBXFileReference; lastKnownFileType = sourcecode.swift; path = StocksApi.swift; sourceTree = "<group>"; };
		37027DB623B1727F00595B44 /* CompanyDescriptor.swift */ = {isa = PBXFileReference; lastKnownFileType = sourcecode.swift; path = CompanyDescriptor.swift; sourceTree = "<group>"; };
		37027DBA23B1750900595B44 /* AlphaVantageApi.swift */ = {isa = PBXFileReference; lastKnownFileType = sourcecode.swift; path = AlphaVantageApi.swift; sourceTree = "<group>"; };
		370BE58A23B0CEA400666680 /* lab1.app */ = {isa = PBXFileReference; explicitFileType = wrapper.application; includeInIndex = 0; path = lab1.app; sourceTree = BUILT_PRODUCTS_DIR; };
		370BE58D23B0CEA400666680 /* AppDelegate.swift */ = {isa = PBXFileReference; lastKnownFileType = sourcecode.swift; path = AppDelegate.swift; sourceTree = "<group>"; };
		370BE58F23B0CEA400666680 /* SceneDelegate.swift */ = {isa = PBXFileReference; lastKnownFileType = sourcecode.swift; path = SceneDelegate.swift; sourceTree = "<group>"; };
		370BE59123B0CEA400666680 /* MasterViewController.swift */ = {isa = PBXFileReference; lastKnownFileType = sourcecode.swift; path = MasterViewController.swift; sourceTree = "<group>"; };
		370BE59323B0CEA400666680 /* DetailViewController.swift */ = {isa = PBXFileReference; lastKnownFileType = sourcecode.swift; path = DetailViewController.swift; sourceTree = "<group>"; };
		370BE59623B0CEA400666680 /* Base */ = {isa = PBXFileReference; lastKnownFileType = file.storyboard; name = Base; path = Base.lproj/Main.storyboard; sourceTree = "<group>"; };
		370BE59823B0CEA500666680 /* Assets.xcassets */ = {isa = PBXFileReference; lastKnownFileType = folder.assetcatalog; path = Assets.xcassets; sourceTree = "<group>"; };
		370BE59B23B0CEA500666680 /* Base */ = {isa = PBXFileReference; lastKnownFileType = file.storyboard; name = Base; path = Base.lproj/LaunchScreen.storyboard; sourceTree = "<group>"; };
		370BE59D23B0CEA500666680 /* Info.plist */ = {isa = PBXFileReference; lastKnownFileType = text.plist.xml; path = Info.plist; sourceTree = "<group>"; };
		370BE5A223B0CEA600666680 /* lab1Tests.xctest */ = {isa = PBXFileReference; explicitFileType = wrapper.cfbundle; includeInIndex = 0; path = lab1Tests.xctest; sourceTree = BUILT_PRODUCTS_DIR; };
		370BE5A623B0CEA600666680 /* lab1Tests.swift */ = {isa = PBXFileReference; lastKnownFileType = sourcecode.swift; path = lab1Tests.swift; sourceTree = "<group>"; };
		370BE5A823B0CEA600666680 /* Info.plist */ = {isa = PBXFileReference; lastKnownFileType = text.plist.xml; path = Info.plist; sourceTree = "<group>"; };
		370BE5B323B0D34600666680 /* AddViewController.swift */ = {isa = PBXFileReference; lastKnownFileType = sourcecode.swift; path = AddViewController.swift; sourceTree = "<group>"; };
		37FA571523BB86BC00D4D053 /* avapi.txt */ = {isa = PBXFileReference; fileEncoding = 4; lastKnownFileType = text; path = avapi.txt; sourceTree = "<group>"; };
		66BA74FD9C62A1E082BA3213 /* Pods_lab1.framework */ = {isa = PBXFileReference; explicitFileType = wrapper.framework; includeInIndex = 0; path = Pods_lab1.framework; sourceTree = BUILT_PRODUCTS_DIR; };
		C54686BD8552379BE4E1884D /* Pods-lab1.release.xcconfig */ = {isa = PBXFileReference; includeInIndex = 1; lastKnownFileType = text.xcconfig; name = "Pods-lab1.release.xcconfig"; path = "Target Support Files/Pods-lab1/Pods-lab1.release.xcconfig"; sourceTree = "<group>"; };
		EC91A7F67EBDB80E1ECD75AA /* Pods-lab1Tests.debug.xcconfig */ = {isa = PBXFileReference; includeInIndex = 1; lastKnownFileType = text.xcconfig; name = "Pods-lab1Tests.debug.xcconfig"; path = "Target Support Files/Pods-lab1Tests/Pods-lab1Tests.debug.xcconfig"; sourceTree = "<group>"; };
		FD8C5FD8545152CDCE1C5169 /* Pods-lab1.debug.xcconfig */ = {isa = PBXFileReference; includeInIndex = 1; lastKnownFileType = text.xcconfig; name = "Pods-lab1.debug.xcconfig"; path = "Target Support Files/Pods-lab1/Pods-lab1.debug.xcconfig"; sourceTree = "<group>"; };
/* End PBXFileReference section */

/* Begin PBXFrameworksBuildPhase section */
		370BE58723B0CEA400666680 /* Frameworks */ = {
			isa = PBXFrameworksBuildPhase;
			buildActionMask = 2147483647;
			files = (
				5C11779DCF00F6C7C62087C1 /* Pods_lab1.framework in Frameworks */,
			);
			runOnlyForDeploymentPostprocessing = 0;
		};
		370BE59F23B0CEA600666680 /* Frameworks */ = {
			isa = PBXFrameworksBuildPhase;
			buildActionMask = 2147483647;
			files = (
				D81DEB259125B5D580CC6CDA /* Pods_lab1Tests.framework in Frameworks */,
			);
			runOnlyForDeploymentPostprocessing = 0;
		};
/* End PBXFrameworksBuildPhase section */

/* Begin PBXGroup section */
		370BE58123B0CEA400666680 = {
			isa = PBXGroup;
			children = (
				370BE58C23B0CEA400666680 /* lab1 */,
				370BE5A523B0CEA600666680 /* lab1Tests */,
				370BE58B23B0CEA400666680 /* Products */,
				83DD606E6529623E90D6D3C3 /* Pods */,
				AD03C86665C24527A7378ED3 /* Frameworks */,
			);
			sourceTree = "<group>";
		};
		370BE58B23B0CEA400666680 /* Products */ = {
			isa = PBXGroup;
			children = (
				370BE58A23B0CEA400666680 /* lab1.app */,
				370BE5A223B0CEA600666680 /* lab1Tests.xctest */,
			);
			name = Products;
			sourceTree = "<group>";
		};
		370BE58C23B0CEA400666680 /* lab1 */ = {
			isa = PBXGroup;
			children = (
				370BE58D23B0CEA400666680 /* AppDelegate.swift */,
				37FA571523BB86BC00D4D053 /* avapi.txt */,
				370BE58F23B0CEA400666680 /* SceneDelegate.swift */,
				370BE59123B0CEA400666680 /* MasterViewController.swift */,
				370BE59323B0CEA400666680 /* DetailViewController.swift */,
				370BE59523B0CEA400666680 /* Main.storyboard */,
				370BE59823B0CEA500666680 /* Assets.xcassets */,
				370BE59A23B0CEA500666680 /* LaunchScreen.storyboard */,
				370BE59D23B0CEA500666680 /* Info.plist */,
				370BE5B323B0D34600666680 /* AddViewController.swift */,
				37027DB423B1725C00595B44 /* StocksApi.swift */,
				37027DB623B1727F00595B44 /* CompanyDescriptor.swift */,
				37027DBA23B1750900595B44 /* AlphaVantageApi.swift */,
				3700A03E23BE991E003C3812 /* StockQuote.swift */,
			);
			path = lab1;
			sourceTree = "<group>";
		};
		370BE5A523B0CEA600666680 /* lab1Tests */ = {
			isa = PBXGroup;
			children = (
				370BE5A623B0CEA600666680 /* lab1Tests.swift */,
				370BE5A823B0CEA600666680 /* Info.plist */,
			);
			path = lab1Tests;
			sourceTree = "<group>";
		};
		83DD606E6529623E90D6D3C3 /* Pods */ = {
			isa = PBXGroup;
			children = (
				FD8C5FD8545152CDCE1C5169 /* Pods-lab1.debug.xcconfig */,
				C54686BD8552379BE4E1884D /* Pods-lab1.release.xcconfig */,
				EC91A7F67EBDB80E1ECD75AA /* Pods-lab1Tests.debug.xcconfig */,
				0A4B23CF3BF03C914B49499C /* Pods-lab1Tests.release.xcconfig */,
			);
			path = Pods;
			sourceTree = "<group>";
		};
		AD03C86665C24527A7378ED3 /* Frameworks */ = {
			isa = PBXGroup;
			children = (
				66BA74FD9C62A1E082BA3213 /* Pods_lab1.framework */,
				3208CA3B28C65DBE9BF576FF /* Pods_lab1Tests.framework */,
			);
			name = Frameworks;
			sourceTree = "<group>";
		};
/* End PBXGroup section */

/* Begin PBXNativeTarget section */
		370BE58923B0CEA400666680 /* lab1 */ = {
			isa = PBXNativeTarget;
			buildConfigurationList = 370BE5AB23B0CEA600666680 /* Build configuration list for PBXNativeTarget "lab1" */;
			buildPhases = (
				20C240A2E0B8BACDC4BE4261 /* [CP] Check Pods Manifest.lock */,
				370BE58623B0CEA400666680 /* Sources */,
				370BE58723B0CEA400666680 /* Frameworks */,
				370BE58823B0CEA400666680 /* Resources */,
				A0258491FC8377AD2B1022FD /* [CP] Embed Pods Frameworks */,
			);
			buildRules = (
			);
			dependencies = (
			);
			name = lab1;
			productName = lab1;
			productReference = 370BE58A23B0CEA400666680 /* lab1.app */;
			productType = "com.apple.product-type.application";
		};
		370BE5A123B0CEA600666680 /* lab1Tests */ = {
			isa = PBXNativeTarget;
			buildConfigurationList = 370BE5AE23B0CEA600666680 /* Build configuration list for PBXNativeTarget "lab1Tests" */;
			buildPhases = (
				8ED1A062B769B8148599A914 /* [CP] Check Pods Manifest.lock */,
				370BE59E23B0CEA600666680 /* Sources */,
				370BE59F23B0CEA600666680 /* Frameworks */,
				370BE5A023B0CEA600666680 /* Resources */,
			);
			buildRules = (
			);
			dependencies = (
				370BE5A423B0CEA600666680 /* PBXTargetDependency */,
			);
			name = lab1Tests;
			productName = lab1Tests;
			productReference = 370BE5A223B0CEA600666680 /* lab1Tests.xctest */;
			productType = "com.apple.product-type.bundle.unit-test";
		};
/* End PBXNativeTarget section */

/* Begin PBXProject section */
		370BE58223B0CEA400666680 /* Project object */ = {
			isa = PBXProject;
			attributes = {
				LastSwiftUpdateCheck = 1130;
				LastUpgradeCheck = 1130;
				ORGANIZATIONNAME = aolesek;
				TargetAttributes = {
					370BE58923B0CEA400666680 = {
						CreatedOnToolsVersion = 11.3;
					};
					370BE5A123B0CEA600666680 = {
						CreatedOnToolsVersion = 11.3;
						TestTargetID = 370BE58923B0CEA400666680;
					};
				};
			};
			buildConfigurationList = 370BE58523B0CEA400666680 /* Build configuration list for PBXProject "lab1" */;
			compatibilityVersion = "Xcode 9.3";
			developmentRegion = en;
			hasScannedForEncodings = 0;
			knownRegions = (
				en,
				Base,
			);
			mainGroup = 370BE58123B0CEA400666680;
			productRefGroup = 370BE58B23B0CEA400666680 /* Products */;
			projectDirPath = "";
			projectRoot = "";
			targets = (
				370BE58923B0CEA400666680 /* lab1 */,
				370BE5A123B0CEA600666680 /* lab1Tests */,
			);
		};
/* End PBXProject section */

/* Begin PBXResourcesBuildPhase section */
		370BE58823B0CEA400666680 /* Resources */ = {
			isa = PBXResourcesBuildPhase;
			buildActionMask = 2147483647;
			files = (
				37FA571623BB86BC00D4D053 /* avapi.txt in Resources */,
				370BE59C23B0CEA500666680 /* LaunchScreen.storyboard in Resources */,
				370BE59923B0CEA500666680 /* Assets.xcassets in Resources */,
				370BE59723B0CEA400666680 /* Main.storyboard in Resources */,
			);
			runOnlyForDeploymentPostprocessing = 0;
		};
		370BE5A023B0CEA600666680 /* Resources */ = {
			isa = PBXResourcesBuildPhase;
			buildActionMask = 2147483647;
			files = (
			);
			runOnlyForDeploymentPostprocessing = 0;
		};
/* End PBXResourcesBuildPhase section */

/* Begin PBXShellScriptBuildPhase section */
		20C240A2E0B8BACDC4BE4261 /* [CP] Check Pods Manifest.lock */ = {
			isa = PBXShellScriptBuildPhase;
			buildActionMask = 2147483647;
			files = (
			);
			inputFileListPaths = (
			);
			inputPaths = (
				"${PODS_PODFILE_DIR_PATH}/Podfile.lock",
				"${PODS_ROOT}/Manifest.lock",
			);
			name = "[CP] Check Pods Manifest.lock";
			outputFileListPaths = (
			);
			outputPaths = (
				"$(DERIVED_FILE_DIR)/Pods-lab1-checkManifestLockResult.txt",
			);
			runOnlyForDeploymentPostprocessing = 0;
			shellPath = /bin/sh;
			shellScript = "diff \"${PODS_PODFILE_DIR_PATH}/Podfile.lock\" \"${PODS_ROOT}/Manifest.lock\" > /dev/null\nif [ $? != 0 ] ; then\n    # print error to STDERR\n    echo \"error: The sandbox is not in sync with the Podfile.lock. Run 'pod install' or update your CocoaPods installation.\" >&2\n    exit 1\nfi\n# This output is used by Xcode 'outputs' to avoid re-running this script phase.\necho \"SUCCESS\" > \"${SCRIPT_OUTPUT_FILE_0}\"\n";
			showEnvVarsInLog = 0;
		};
		8ED1A062B769B8148599A914 /* [CP] Check Pods Manifest.lock */ = {
			isa = PBXShellScriptBuildPhase;
			buildActionMask = 2147483647;
			files = (
			);
			inputFileListPaths = (
			);
			inputPaths = (
				"${PODS_PODFILE_DIR_PATH}/Podfile.lock",
				"${PODS_ROOT}/Manifest.lock",
			);
			name = "[CP] Check Pods Manifest.lock";
			outputFileListPaths = (
			);
			outputPaths = (
				"$(DERIVED_FILE_DIR)/Pods-lab1Tests-checkManifestLockResult.txt",
			);
			runOnlyForDeploymentPostprocessing = 0;
			shellPath = /bin/sh;
			shellScript = "diff \"${PODS_PODFILE_DIR_PATH}/Podfile.lock\" \"${PODS_ROOT}/Manifest.lock\" > /dev/null\nif [ $? != 0 ] ; then\n    # print error to STDERR\n    echo \"error: The sandbox is not in sync with the Podfile.lock. Run 'pod install' or update your CocoaPods installation.\" >&2\n    exit 1\nfi\n# This output is used by Xcode 'outputs' to avoid re-running this script phase.\necho \"SUCCESS\" > \"${SCRIPT_OUTPUT_FILE_0}\"\n";
			showEnvVarsInLog = 0;
		};
		A0258491FC8377AD2B1022FD /* [CP] Embed Pods Frameworks */ = {
			isa = PBXShellScriptBuildPhase;
			buildActionMask = 2147483647;
			files = (
			);
			inputFileListPaths = (
				"${PODS_ROOT}/Target Support Files/Pods-lab1/Pods-lab1-frameworks-${CONFIGURATION}-input-files.xcfilelist",
			);
			name = "[CP] Embed Pods Frameworks";
			outputFileListPaths = (
				"${PODS_ROOT}/Target Support Files/Pods-lab1/Pods-lab1-frameworks-${CONFIGURATION}-output-files.xcfilelist",
			);
			runOnlyForDeploymentPostprocessing = 0;
			shellPath = /bin/sh;
			shellScript = "\"${PODS_ROOT}/Target Support Files/Pods-lab1/Pods-lab1-frameworks.sh\"\n";
			showEnvVarsInLog = 0;
		};
/* End PBXShellScriptBuildPhase section */

/* Begin PBXSourcesBuildPhase section */
		370BE58623B0CEA400666680 /* Sources */ = {
			isa = PBXSourcesBuildPhase;
			buildActionMask = 2147483647;
			files = (
				370BE5B423B0D34600666680 /* AddViewController.swift in Sources */,
				37027DB723B1727F00595B44 /* CompanyDescriptor.swift in Sources */,
				37027DB523B1725C00595B44 /* StocksApi.swift in Sources */,
				370BE58E23B0CEA400666680 /* AppDelegate.swift in Sources */,
				37027DBB23B1750900595B44 /* AlphaVantageApi.swift in Sources */,
				3700A03F23BE991E003C3812 /* StockQuote.swift in Sources */,
				370BE59023B0CEA400666680 /* SceneDelegate.swift in Sources */,
				370BE59223B0CEA400666680 /* MasterViewController.swift in Sources */,
				370BE59423B0CEA400666680 /* DetailViewController.swift in Sources */,
			);
			runOnlyForDeploymentPostprocessing = 0;
		};
		370BE59E23B0CEA600666680 /* Sources */ = {
			isa = PBXSourcesBuildPhase;
			buildActionMask = 2147483647;
			files = (
				370BE5A723B0CEA600666680 /* lab1Tests.swift in Sources */,
			);
			runOnlyForDeploymentPostprocessing = 0;
		};
/* End PBXSourcesBuildPhase section */

/* Begin PBXTargetDependency section */
		370BE5A423B0CEA600666680 /* PBXTargetDependency */ = {
			isa = PBXTargetDependency;
			target = 370BE58923B0CEA400666680 /* lab1 */;
			targetProxy = 370BE5A323B0CEA600666680 /* PBXContainerItemProxy */;
		};
/* End PBXTargetDependency section */

/* Begin PBXVariantGroup section */
		370BE59523B0CEA400666680 /* Main.storyboard */ = {
			isa = PBXVariantGroup;
			children = (
				370BE59623B0CEA400666680 /* Base */,
			);
			name = Main.storyboard;
			sourceTree = "<group>";
		};
		370BE59A23B0CEA500666680 /* LaunchScreen.storyboard */ = {
			isa = PBXVariantGroup;
			children = (
				370BE59B23B0CEA500666680 /* Base */,
			);
			name = LaunchScreen.storyboard;
			sourceTree = "<group>";
		};
/* End PBXVariantGroup section */

/* Begin XCBuildConfiguration section */
		370BE5A923B0CEA600666680 /* Debug */ = {
			isa = XCBuildConfiguration;
			buildSettings = {
				ALWAYS_SEARCH_USER_PATHS = NO;
				CLANG_ANALYZER_NONNULL = YES;
				CLANG_ANALYZER_NUMBER_OBJECT_CONVERSION = YES_AGGRESSIVE;
				CLANG_CXX_LANGUAGE_STANDARD = "gnu++14";
				CLANG_CXX_LIBRARY = "libc++";
				CLANG_ENABLE_MODULES = YES;
				CLANG_ENABLE_OBJC_ARC = YES;
				CLANG_ENABLE_OBJC_WEAK = YES;
				CLANG_WARN_BLOCK_CAPTURE_AUTORELEASING = YES;
				CLANG_WARN_BOOL_CONVERSION = YES;
				CLANG_WARN_COMMA = YES;
				CLANG_WARN_CONSTANT_CONVERSION = YES;
				CLANG_WARN_DEPRECATED_OBJC_IMPLEMENTATIONS = YES;
				CLANG_WARN_DIRECT_OBJC_ISA_USAGE = YES_ERROR;
				CLANG_WARN_DOCUMENTATION_COMMENTS = YES;
				CLANG_WARN_EMPTY_BODY = YES;
				CLANG_WARN_ENUM_CONVERSION = YES;
				CLANG_WARN_INFINITE_RECURSION = YES;
				CLANG_WARN_INT_CONVERSION = YES;
				CLANG_WARN_NON_LITERAL_NULL_CONVERSION = YES;
				CLANG_WARN_OBJC_IMPLICIT_RETAIN_SELF = YES;
				CLANG_WARN_OBJC_LITERAL_CONVERSION = YES;
				CLANG_WARN_OBJC_ROOT_CLASS = YES_ERROR;
				CLANG_WARN_RANGE_LOOP_ANALYSIS = YES;
				CLANG_WARN_STRICT_PROTOTYPES = YES;
				CLANG_WARN_SUSPICIOUS_MOVE = YES;
				CLANG_WARN_UNGUARDED_AVAILABILITY = YES_AGGRESSIVE;
				CLANG_WARN_UNREACHABLE_CODE = YES;
				CLANG_WARN__DUPLICATE_METHOD_MATCH = YES;
				COPY_PHASE_STRIP = NO;
				DEBUG_INFORMATION_FORMAT = dwarf;
				ENABLE_STRICT_OBJC_MSGSEND = YES;
				ENABLE_TESTABILITY = YES;
				GCC_C_LANGUAGE_STANDARD = gnu11;
				GCC_DYNAMIC_NO_PIC = NO;
				GCC_NO_COMMON_BLOCKS = YES;
				GCC_OPTIMIZATION_LEVEL = 0;
				GCC_PREPROCESSOR_DEFINITIONS = (
					"DEBUG=1",
					"$(inherited)",
				);
				GCC_WARN_64_TO_32_BIT_CONVERSION = YES;
				GCC_WARN_ABOUT_RETURN_TYPE = YES_ERROR;
				GCC_WARN_UNDECLARED_SELECTOR = YES;
				GCC_WARN_UNINITIALIZED_AUTOS = YES_AGGRESSIVE;
				GCC_WARN_UNUSED_FUNCTION = YES;
				GCC_WARN_UNUSED_VARIABLE = YES;
				IPHONEOS_DEPLOYMENT_TARGET = 13.2;
				MTL_ENABLE_DEBUG_INFO = INCLUDE_SOURCE;
				MTL_FAST_MATH = YES;
				ONLY_ACTIVE_ARCH = YES;
				SDKROOT = iphoneos;
				SWIFT_ACTIVE_COMPILATION_CONDITIONS = DEBUG;
				SWIFT_OPTIMIZATION_LEVEL = "-Onone";
			};
			name = Debug;
		};
		370BE5AA23B0CEA600666680 /* Release */ = {
			isa = XCBuildConfiguration;
			buildSettings = {
				ALWAYS_SEARCH_USER_PATHS = NO;
				CLANG_ANALYZER_NONNULL = YES;
				CLANG_ANALYZER_NUMBER_OBJECT_CONVERSION = YES_AGGRESSIVE;
				CLANG_CXX_LANGUAGE_STANDARD = "gnu++14";
				CLANG_CXX_LIBRARY = "libc++";
				CLANG_ENABLE_MODULES = YES;
				CLANG_ENABLE_OBJC_ARC = YES;
				CLANG_ENABLE_OBJC_WEAK = YES;
				CLANG_WARN_BLOCK_CAPTURE_AUTORELEASING = YES;
				CLANG_WARN_BOOL_CONVERSION = YES;
				CLANG_WARN_COMMA = YES;
				CLANG_WARN_CONSTANT_CONVERSION = YES;
				CLANG_WARN_DEPRECATED_OBJC_IMPLEMENTATIONS = YES;
				CLANG_WARN_DIRECT_OBJC_ISA_USAGE = YES_ERROR;
				CLANG_WARN_DOCUMENTATION_COMMENTS = YES;
				CLANG_WARN_EMPTY_BODY = YES;
				CLANG_WARN_ENUM_CONVERSION = YES;
				CLANG_WARN_INFINITE_RECURSION = YES;
				CLANG_WARN_INT_CONVERSION = YES;
				CLANG_WARN_NON_LITERAL_NULL_CONVERSION = YES;
				CLANG_WARN_OBJC_IMPLICIT_RETAIN_SELF = YES;
				CLANG_WARN_OBJC_LITERAL_CONVERSION = YES;
				CLANG_WARN_OBJC_ROOT_CLASS = YES_ERROR;
				CLANG_WARN_RANGE_LOOP_ANALYSIS = YES;
				CLANG_WARN_STRICT_PROTOTYPES = YES;
				CLANG_WARN_SUSPICIOUS_MOVE = YES;
				CLANG_WARN_UNGUARDED_AVAILABILITY = YES_AGGRESSIVE;
				CLANG_WARN_UNREACHABLE_CODE = YES;
				CLANG_WARN__DUPLICATE_METHOD_MATCH = YES;
				COPY_PHASE_STRIP = NO;
				DEBUG_INFORMATION_FORMAT = "dwarf-with-dsym";
				ENABLE_NS_ASSERTIONS = NO;
				ENABLE_STRICT_OBJC_MSGSEND = YES;
				GCC_C_LANGUAGE_STANDARD = gnu11;
				GCC_NO_COMMON_BLOCKS = YES;
				GCC_WARN_64_TO_32_BIT_CONVERSION = YES;
				GCC_WARN_ABOUT_RETURN_TYPE = YES_ERROR;
				GCC_WARN_UNDECLARED_SELECTOR = YES;
				GCC_WARN_UNINITIALIZED_AUTOS = YES_AGGRESSIVE;
				GCC_WARN_UNUSED_FUNCTION = YES;
				GCC_WARN_UNUSED_VARIABLE = YES;
				IPHONEOS_DEPLOYMENT_TARGET = 13.2;
				MTL_ENABLE_DEBUG_INFO = NO;
				MTL_FAST_MATH = YES;
				SDKROOT = iphoneos;
				SWIFT_COMPILATION_MODE = wholemodule;
				SWIFT_OPTIMIZATION_LEVEL = "-O";
				VALIDATE_PRODUCT = YES;
			};
			name = Release;
		};
		370BE5AC23B0CEA600666680 /* Debug */ = {
			isa = XCBuildConfiguration;
			baseConfigurationReference = FD8C5FD8545152CDCE1C5169 /* Pods-lab1.debug.xcconfig */;
			buildSettings = {
				ASSETCATALOG_COMPILER_APPICON_NAME = AppIcon;
				CODE_SIGN_STYLE = Automatic;
				INFOPLIST_FILE = lab1/Info.plist;
				LD_RUNPATH_SEARCH_PATHS = (
					"$(inherited)",
					"@executable_path/Frameworks",
				);
				PRODUCT_BUNDLE_IDENTIFIER = pl.edu.agh.aolesek.lab1;
				PRODUCT_NAME = "$(TARGET_NAME)";
				SWIFT_VERSION = 5.0;
				TARGETED_DEVICE_FAMILY = "1,2";
			};
			name = Debug;
		};
		370BE5AD23B0CEA600666680 /* Release */ = {
			isa = XCBuildConfiguration;
			baseConfigurationReference = C54686BD8552379BE4E1884D /* Pods-lab1.release.xcconfig */;
			buildSettings = {
				ASSETCATALOG_COMPILER_APPICON_NAME = AppIcon;
				CODE_SIGN_STYLE = Automatic;
				INFOPLIST_FILE = lab1/Info.plist;
				LD_RUNPATH_SEARCH_PATHS = (
					"$(inherited)",
					"@executable_path/Frameworks",
				);
				PRODUCT_BUNDLE_IDENTIFIER = pl.edu.agh.aolesek.lab1;
				PRODUCT_NAME = "$(TARGET_NAME)";
				SWIFT_VERSION = 5.0;
				TARGETED_DEVICE_FAMILY = "1,2";
			};
			name = Release;
		};
		370BE5AF23B0CEA600666680 /* Debug */ = {
			isa = XCBuildConfiguration;
			baseConfigurationReference = EC91A7F67EBDB80E1ECD75AA /* Pods-lab1Tests.debug.xcconfig */;
			buildSettings = {
				ALWAYS_EMBED_SWIFT_STANDARD_LIBRARIES = YES;
				BUNDLE_LOADER = "$(TEST_HOST)";
				CODE_SIGN_STYLE = Automatic;
				INFOPLIST_FILE = lab1Tests/Info.plist;
				IPHONEOS_DEPLOYMENT_TARGET = 13.2;
				LD_RUNPATH_SEARCH_PATHS = (
					"$(inherited)",
					"@executable_path/Frameworks",
					"@loader_path/Frameworks",
				);
				PRODUCT_BUNDLE_IDENTIFIER = pl.edu.agh.aolesek.lab1Tests;
				PRODUCT_NAME = "$(TARGET_NAME)";
				SWIFT_VERSION = 5.0;
				TARGETED_DEVICE_FAMILY = "1,2";
				TEST_HOST = "$(BUILT_PRODUCTS_DIR)/lab1.app/lab1";
			};
			name = Debug;
		};
		370BE5B023B0CEA600666680 /* Release */ = {
			isa = XCBuildConfiguration;
			baseConfigurationReference = 0A4B23CF3BF03C914B49499C /* Pods-lab1Tests.release.xcconfig */;
			buildSettings = {
				ALWAYS_EMBED_SWIFT_STANDARD_LIBRARIES = YES;
				BUNDLE_LOADER = "$(TEST_HOST)";
				CODE_SIGN_STYLE = Automatic;
				INFOPLIST_FILE = lab1Tests/Info.plist;
				IPHONEOS_DEPLOYMENT_TARGET = 13.2;
				LD_RUNPATH_SEARCH_PATHS = (
					"$(inherited)",
					"@executable_path/Frameworks",
					"@loader_path/Frameworks",
				);
				PRODUCT_BUNDLE_IDENTIFIER = pl.edu.agh.aolesek.lab1Tests;
				PRODUCT_NAME = "$(TARGET_NAME)";
				SWIFT_VERSION = 5.0;
				TARGETED_DEVICE_FAMILY = "1,2";
				TEST_HOST = "$(BUILT_PRODUCTS_DIR)/lab1.app/lab1";
			};
			name = Release;
		};
/* End XCBuildConfiguration section */

/* Begin XCConfigurationList section */
		370BE58523B0CEA400666680 /* Build configuration list for PBXProject "lab1" */ = {
			isa = XCConfigurationList;
			buildConfigurations = (
				370BE5A923B0CEA600666680 /* Debug */,
				370BE5AA23B0CEA600666680 /* Release */,
			);
			defaultConfigurationIsVisible = 0;
			defaultConfigurationName = Release;
		};
		370BE5AB23B0CEA600666680 /* Build configuration list for PBXNativeTarget "lab1" */ = {
			isa = XCConfigurationList;
			buildConfigurations = (
				370BE5AC23B0CEA600666680 /* Debug */,
				370BE5AD23B0CEA600666680 /* Release */,
			);
			defaultConfigurationIsVisible = 0;
			defaultConfigurationName = Release;
		};
		370BE5AE23B0CEA600666680 /* Build configuration list for PBXNativeTarget "lab1Tests" */ = {
			isa = XCConfigurationList;
			buildConfigurations = (
				370BE5AF23B0CEA600666680 /* Debug */,
				370BE5B023B0CEA600666680 /* Release */,
			);
			defaultConfigurationIsVisible = 0;
			defaultConfigurationName = Release;
		};
/* End XCConfigurationList section */
	};
	rootObject = 370BE58223B0CEA400666680 /* Project object */;
}
